
Microsoft Visual Studio Solution File, Format Version 12.00
# Visual Studio 2012
Project("{FAE04EC0-301F-11D3-BF4B-00C04F79EFBC}") = "TestApplication", "TestApplication\TestApplication.csproj", "{5E5586EC-4F68-4372-9D80-F18A3A617A54}"
EndProject
Project("{FAE04EC0-301F-11D3-BF4B-00C04F79EFBC}") = "ConsoleAppFixture.Tests", "ConsoleAppFixture\ConsoleAppFixture.Tests.csproj", "{E582B4BD-909F-47F0-8909-5813C275BE8E}"
EndProject
Project("{2150E333-8FDC-42A3-9474-1A3956D46DE8}") = "Solution Items", "Solution Items", "{45833A11-0A38-4DA2-B6C6-2820B4A4D2A2}"
	ProjectSection(SolutionItems) = preProject
		test.runsettings = test.runsettings
	EndProjectSection
EndProject
Global
	GlobalSection(SolutionConfigurationPlatforms) = preSolution
		Debug|Any CPU = Debug|Any CPU
		Release|Any CPU = Release|Any CPU
	EndGlobalSection
	GlobalSection(ProjectConfigurationPlatforms) = postSolution
		{5E5586EC-4F68-4372-9D80-F18A3A617A54}.Debug|Any CPU.ActiveCfg = Debug|Any CPU
		{5E5586EC-4F68-4372-9D80-F18A3A617A54}.Debug|Any CPU.Build.0 = Debug|Any CPU
		{5E5586EC-4F68-4372-9D80-F18A3A617A54}.Release|Any CPU.ActiveCfg = Release|Any CPU
		{5E5586EC-4F68-4372-9D80-F18A3A617A54}.Release|Any CPU.Build.0 = Release|Any CPU
		{E582B4BD-909F-47F0-8909-5813C275BE8E}.Debug|Any CPU.ActiveCfg = Debug|Any CPU
		{E582B4BD-909F-47F0-8909-5813C275BE8E}.Debug|Any CPU.Build.0 = Debug|Any CPU
		{E582B4BD-909F-47F0-8909-5813C275BE8E}.Release|Any CPU.ActiveCfg = Release|Any CPU
		{E582B4BD-909F-47F0-8909-5813C275BE8E}.Release|Any CPU.Build.0 = Release|Any CPU
	EndGlobalSection
	GlobalSection(SolutionProperties) = preSolution
		HideSolutionNode = FALSE
	EndGlobalSection
EndGlobal
